
Microsoft Visual Studio Solution File, Format Version 12.00
# Visual Studio Version 16
VisualStudioVersion = 16.0.31205.134
MinimumVisualStudioVersion = 10.0.40219.1
Project("{FAE04EC0-301F-11D3-BF4B-00C04F79EFBC}") = "Double D", "Double D\Double D.csproj", "{60D8AD7C-D0F7-4AEF-94F0-2F1D8DF7E6B5}"
EndProject
Global
	GlobalSection(SolutionConfigurationPlatforms) = preSolution
		Debug|Any CPU = Debug|Any CPU
		Release|Any CPU = Release|Any CPU
	EndGlobalSection
	GlobalSection(ProjectConfigurationPlatforms) = postSolution
		{60D8AD7C-D0F7-4AEF-94F0-2F1D8DF7E6B5}.Debug|Any CPU.ActiveCfg = Debug|Any CPU
		{60D8AD7C-D0F7-4AEF-94F0-2F1D8DF7E6B5}.Debug|Any CPU.Build.0 = Debug|Any CPU
		{60D8AD7C-D0F7-4AEF-94F0-2F1D8DF7E6B5}.Release|Any CPU.ActiveCfg = Release|Any CPU
		{60D8AD7C-D0F7-4AEF-94F0-2F1D8DF7E6B5}.Release|Any CPU.Build.0 = Release|Any CPU
	EndGlobalSection
	GlobalSection(SolutionProperties) = preSolution
		HideSolutionNode = FALSE
	EndGlobalSection
	GlobalSection(ExtensibilityGlobals) = postSolution
		SolutionGuid = {57F2BC38-C128-4C90-B14A-882A6BC65F9F}
	EndGlobalSection
EndGlobal
